
Microsoft Visual Studio Solution File, Format Version 12.00
# Visual Studio 14
VisualStudioVersion = 14.0.25420.1
MinimumVisualStudioVersion = 10.0.40219.1
Project("{8BC9CEB8-8B4A-11D0-8D11-00A0C91BC942}") = "IO_test", "IO_test\IO_test.vcxproj", "{8B2093B4-5729-4647-8958-DB0240F522E4}"
EndProject
Project("{8BC9CEB8-8B4A-11D0-8D11-00A0C91BC942}") = "DataStruct_test", "DataStruct_test\DataStruct_test.vcxproj", "{7DB12F58-6BCF-417C-920B-25E671B0AD70}"
EndProject
Project("{8BC9CEB8-8B4A-11D0-8D11-00A0C91BC942}") = "IO_and_Data_test", "IO_and_Data_test\IO_and_Data_test.vcxproj", "{6C609D1D-3751-4C63-8881-0DCD68D71915}"
EndProject
Project("{8BC9CEB8-8B4A-11D0-8D11-00A0C91BC942}") = "Dijkstra_test", "Dijkstra_test\Dijkstra_test.vcxproj", "{1B82F9CD-7864-490D-811E-211D1DD844F2}"
EndProject
Project("{8BC9CEB8-8B4A-11D0-8D11-00A0C91BC942}") = "deploy_test", "deploy_test\deploy_test.vcxproj", "{F5A54F38-11C9-4DBE-84AE-06855FD59E87}"
EndProject
Project("{8BC9CEB8-8B4A-11D0-8D11-00A0C91BC942}") = "new_merge_test", "new_merge_test\new_merge_test.vcxproj", "{0A790B01-ED7C-4E94-82ED-F8AED99C0DF8}"
EndProject
Project("{8BC9CEB8-8B4A-11D0-8D11-00A0C91BC942}") = "Out_Degree_teest", "Out_Degree_teest\Out_Degree_teest.vcxproj", "{0BB077BF-0012-46D9-85B6-A6BAA6CAB3C7}"
EndProject
Project("{8BC9CEB8-8B4A-11D0-8D11-00A0C91BC942}") = "Max_Flow_Min_Cost_test", "Max_Flow_Min_Cost_test\Max_Flow_Min_Cost_test.vcxproj", "{109ED94F-B720-455B-9BB0-DA94240A3802}"
EndProject
Project("{8BC9CEB8-8B4A-11D0-8D11-00A0C91BC942}") = "GA_test", "GA_test\GA_test.vcxproj", "{98F50CDC-8AAD-40F6-B8DE-EF65C8FDC975}"
EndProject
Project("{8BC9CEB8-8B4A-11D0-8D11-00A0C91BC942}") = "GA_correct_test", "GA_correct_test\GA_correct_test.vcxproj", "{6F4F038B-CFF6-4C88-8471-BF4A82A4E0AC}"
EndProject
Project("{8BC9CEB8-8B4A-11D0-8D11-00A0C91BC942}") = "Veterbi_test", "Veterbi_test\Veterbi_test.vcxproj", "{866A5CA9-AF1F-4D0B-A4A0-B384156253C2}"
EndProject
Project("{8BC9CEB8-8B4A-11D0-8D11-00A0C91BC942}") = "Host_min_test", "Host_min_test\Host_min_test.vcxproj", "{722221A2-67D8-4CA2-A4EF-4942F0EE2465}"
EndProject
Project("{8BC9CEB8-8B4A-11D0-8D11-00A0C91BC942}") = "Cut_Collection_test", "Cut_Collection_test\Cut_Collection_test.vcxproj", "{F7A0113E-C276-4B3D-B8CD-58E22036A7C9}"
EndProject
Project("{8BC9CEB8-8B4A-11D0-8D11-00A0C91BC942}") = "Search_test", "Search_test\Search_test.vcxproj", "{CA6E54CD-C52C-4381-8790-BB0F700CC6AF}"
EndProject
Project("{8BC9CEB8-8B4A-11D0-8D11-00A0C91BC942}") = "Search_mid_test", "Search_mid_test\Search_mid_test.vcxproj", "{B1468476-854E-4037-997D-EBA3A10F8503}"
EndProject
Project("{8BC9CEB8-8B4A-11D0-8D11-00A0C91BC942}") = "Small_Mid_Correct_test", "Small_Mid_Correct_test\Small_Mid_Correct_test.vcxproj", "{E90FAE3A-C20A-482C-A9E2-6D561E2F97A6}"
EndProject
Project("{2150E333-8FDC-42A3-9474-1A3956D46DE8}") = "case_example", "case_example", "{AA76AF5F-7D6F-4A05-9901-6BD2F101FA47}"
	ProjectSection(SolutionItems) = preProject
		case_example\123.txt = case_example\123.txt
		case_example\5.txt = case_example\5.txt
		case_example\case0.txt = case_example\case0.txt
		case_example\case1.txt = case_example\case1.txt
		case_example\case2.txt = case_example\case2.txt
		case_example\case3.txt = case_example\case3.txt
		case_example\case4.txt = case_example\case4.txt
		case_example\debug.log = case_example\debug.log
		case_example\easy.txt = case_example\easy.txt
		case_example\easy2.txt = case_example\easy2.txt
		case_example\output.txt = case_example\output.txt
	EndProjectSection
EndProject
Global
	GlobalSection(Performance) = preSolution
		HasPerformanceSessions = true
	EndGlobalSection
	GlobalSection(SolutionConfigurationPlatforms) = preSolution
		Debug|x64 = Debug|x64
		Debug|x86 = Debug|x86
		Release|x64 = Release|x64
		Release|x86 = Release|x86
	EndGlobalSection
	GlobalSection(ProjectConfigurationPlatforms) = postSolution
		{8B2093B4-5729-4647-8958-DB0240F522E4}.Debug|x64.ActiveCfg = Debug|x64
		{8B2093B4-5729-4647-8958-DB0240F522E4}.Debug|x64.Build.0 = Debug|x64
		{8B2093B4-5729-4647-8958-DB0240F522E4}.Debug|x86.ActiveCfg = Debug|Win32
		{8B2093B4-5729-4647-8958-DB0240F522E4}.Debug|x86.Build.0 = Debug|Win32
		{8B2093B4-5729-4647-8958-DB0240F522E4}.Release|x64.ActiveCfg = Release|x64
		{8B2093B4-5729-4647-8958-DB0240F522E4}.Release|x64.Build.0 = Release|x64
		{8B2093B4-5729-4647-8958-DB0240F522E4}.Release|x86.ActiveCfg = Release|Win32
		{8B2093B4-5729-4647-8958-DB0240F522E4}.Release|x86.Build.0 = Release|Win32
		{7DB12F58-6BCF-417C-920B-25E671B0AD70}.Debug|x64.ActiveCfg = Debug|x64
		{7DB12F58-6BCF-417C-920B-25E671B0AD70}.Debug|x64.Build.0 = Debug|x64
		{7DB12F58-6BCF-417C-920B-25E671B0AD70}.Debug|x86.ActiveCfg = Debug|Win32
		{7DB12F58-6BCF-417C-920B-25E671B0AD70}.Debug|x86.Build.0 = Debug|Win32
		{7DB12F58-6BCF-417C-920B-25E671B0AD70}.Release|x64.ActiveCfg = Release|x64
		{7DB12F58-6BCF-417C-920B-25E671B0AD70}.Release|x64.Build.0 = Release|x64
		{7DB12F58-6BCF-417C-920B-25E671B0AD70}.Release|x86.ActiveCfg = Release|Win32
		{7DB12F58-6BCF-417C-920B-25E671B0AD70}.Release|x86.Build.0 = Release|Win32
		{6C609D1D-3751-4C63-8881-0DCD68D71915}.Debug|x64.ActiveCfg = Debug|x64
		{6C609D1D-3751-4C63-8881-0DCD68D71915}.Debug|x64.Build.0 = Debug|x64
		{6C609D1D-3751-4C63-8881-0DCD68D71915}.Debug|x86.ActiveCfg = Debug|Win32
		{6C609D1D-3751-4C63-8881-0DCD68D71915}.Debug|x86.Build.0 = Debug|Win32
		{6C609D1D-3751-4C63-8881-0DCD68D71915}.Release|x64.ActiveCfg = Release|x64
		{6C609D1D-3751-4C63-8881-0DCD68D71915}.Release|x64.Build.0 = Release|x64
		{6C609D1D-3751-4C63-8881-0DCD68D71915}.Release|x86.ActiveCfg = Release|Win32
		{6C609D1D-3751-4C63-8881-0DCD68D71915}.Release|x86.Build.0 = Release|Win32
		{1B82F9CD-7864-490D-811E-211D1DD844F2}.Debug|x64.ActiveCfg = Debug|x64
		{1B82F9CD-7864-490D-811E-211D1DD844F2}.Debug|x64.Build.0 = Debug|x64
		{1B82F9CD-7864-490D-811E-211D1DD844F2}.Debug|x86.ActiveCfg = Debug|Win32
		{1B82F9CD-7864-490D-811E-211D1DD844F2}.Debug|x86.Build.0 = Debug|Win32
		{1B82F9CD-7864-490D-811E-211D1DD844F2}.Release|x64.ActiveCfg = Release|x64
		{1B82F9CD-7864-490D-811E-211D1DD844F2}.Release|x64.Build.0 = Release|x64
		{1B82F9CD-7864-490D-811E-211D1DD844F2}.Release|x86.ActiveCfg = Release|Win32
		{1B82F9CD-7864-490D-811E-211D1DD844F2}.Release|x86.Build.0 = Release|Win32
		{F5A54F38-11C9-4DBE-84AE-06855FD59E87}.Debug|x64.ActiveCfg = Debug|x64
		{F5A54F38-11C9-4DBE-84AE-06855FD59E87}.Debug|x64.Build.0 = Debug|x64
		{F5A54F38-11C9-4DBE-84AE-06855FD59E87}.Debug|x86.ActiveCfg = Debug|Win32
		{F5A54F38-11C9-4DBE-84AE-06855FD59E87}.Debug|x86.Build.0 = Debug|Win32
		{F5A54F38-11C9-4DBE-84AE-06855FD59E87}.Release|x64.ActiveCfg = Release|x64
		{F5A54F38-11C9-4DBE-84AE-06855FD59E87}.Release|x64.Build.0 = Release|x64
		{F5A54F38-11C9-4DBE-84AE-06855FD59E87}.Release|x86.ActiveCfg = Release|Win32
		{F5A54F38-11C9-4DBE-84AE-06855FD59E87}.Release|x86.Build.0 = Release|Win32
		{0A790B01-ED7C-4E94-82ED-F8AED99C0DF8}.Debug|x64.ActiveCfg = Debug|x64
		{0A790B01-ED7C-4E94-82ED-F8AED99C0DF8}.Debug|x64.Build.0 = Debug|x64
		{0A790B01-ED7C-4E94-82ED-F8AED99C0DF8}.Debug|x86.ActiveCfg = Debug|Win32
		{0A790B01-ED7C-4E94-82ED-F8AED99C0DF8}.Debug|x86.Build.0 = Debug|Win32
		{0A790B01-ED7C-4E94-82ED-F8AED99C0DF8}.Release|x64.ActiveCfg = Release|x64
		{0A790B01-ED7C-4E94-82ED-F8AED99C0DF8}.Release|x64.Build.0 = Release|x64
		{0A790B01-ED7C-4E94-82ED-F8AED99C0DF8}.Release|x86.ActiveCfg = Release|Win32
		{0A790B01-ED7C-4E94-82ED-F8AED99C0DF8}.Release|x86.Build.0 = Release|Win32
		{0BB077BF-0012-46D9-85B6-A6BAA6CAB3C7}.Debug|x64.ActiveCfg = Debug|x64
		{0BB077BF-0012-46D9-85B6-A6BAA6CAB3C7}.Debug|x64.Build.0 = Debug|x64
		{0BB077BF-0012-46D9-85B6-A6BAA6CAB3C7}.Debug|x86.ActiveCfg = Debug|Win32
		{0BB077BF-0012-46D9-85B6-A6BAA6CAB3C7}.Debug|x86.Build.0 = Debug|Win32
		{0BB077BF-0012-46D9-85B6-A6BAA6CAB3C7}.Release|x64.ActiveCfg = Release|x64
		{0BB077BF-0012-46D9-85B6-A6BAA6CAB3C7}.Release|x64.Build.0 = Release|x64
		{0BB077BF-0012-46D9-85B6-A6BAA6CAB3C7}.Release|x86.ActiveCfg = Release|Win32
		{0BB077BF-0012-46D9-85B6-A6BAA6CAB3C7}.Release|x86.Build.0 = Release|Win32
		{109ED94F-B720-455B-9BB0-DA94240A3802}.Debug|x64.ActiveCfg = Debug|x64
		{109ED94F-B720-455B-9BB0-DA94240A3802}.Debug|x64.Build.0 = Debug|x64
		{109ED94F-B720-455B-9BB0-DA94240A3802}.Debug|x86.ActiveCfg = Debug|Win32
		{109ED94F-B720-455B-9BB0-DA94240A3802}.Debug|x86.Build.0 = Debug|Win32
		{109ED94F-B720-455B-9BB0-DA94240A3802}.Release|x64.ActiveCfg = Release|x64
		{109ED94F-B720-455B-9BB0-DA94240A3802}.Release|x64.Build.0 = Release|x64
		{109ED94F-B720-455B-9BB0-DA94240A3802}.Release|x86.ActiveCfg = Release|Win32
		{109ED94F-B720-455B-9BB0-DA94240A3802}.Release|x86.Build.0 = Release|Win32
		{98F50CDC-8AAD-40F6-B8DE-EF65C8FDC975}.Debug|x64.ActiveCfg = Debug|x64
		{98F50CDC-8AAD-40F6-B8DE-EF65C8FDC975}.Debug|x64.Build.0 = Debug|x64
		{98F50CDC-8AAD-40F6-B8DE-EF65C8FDC975}.Debug|x86.ActiveCfg = Debug|Win32
		{98F50CDC-8AAD-40F6-B8DE-EF65C8FDC975}.Debug|x86.Build.0 = Debug|Win32
		{98F50CDC-8AAD-40F6-B8DE-EF65C8FDC975}.Release|x64.ActiveCfg = Release|x64
		{98F50CDC-8AAD-40F6-B8DE-EF65C8FDC975}.Release|x64.Build.0 = Release|x64
		{98F50CDC-8AAD-40F6-B8DE-EF65C8FDC975}.Release|x86.ActiveCfg = Release|Win32
		{98F50CDC-8AAD-40F6-B8DE-EF65C8FDC975}.Release|x86.Build.0 = Release|Win32
		{6F4F038B-CFF6-4C88-8471-BF4A82A4E0AC}.Debug|x64.ActiveCfg = Debug|x64
		{6F4F038B-CFF6-4C88-8471-BF4A82A4E0AC}.Debug|x64.Build.0 = Debug|x64
		{6F4F038B-CFF6-4C88-8471-BF4A82A4E0AC}.Debug|x86.ActiveCfg = Debug|Win32
		{6F4F038B-CFF6-4C88-8471-BF4A82A4E0AC}.Debug|x86.Build.0 = Debug|Win32
		{6F4F038B-CFF6-4C88-8471-BF4A82A4E0AC}.Release|x64.ActiveCfg = Release|x64
		{6F4F038B-CFF6-4C88-8471-BF4A82A4E0AC}.Release|x64.Build.0 = Release|x64
		{6F4F038B-CFF6-4C88-8471-BF4A82A4E0AC}.Release|x86.ActiveCfg = Release|Win32
		{6F4F038B-CFF6-4C88-8471-BF4A82A4E0AC}.Release|x86.Build.0 = Release|Win32
		{866A5CA9-AF1F-4D0B-A4A0-B384156253C2}.Debug|x64.ActiveCfg = Debug|x64
		{866A5CA9-AF1F-4D0B-A4A0-B384156253C2}.Debug|x64.Build.0 = Debug|x64
		{866A5CA9-AF1F-4D0B-A4A0-B384156253C2}.Debug|x86.ActiveCfg = Debug|Win32
		{866A5CA9-AF1F-4D0B-A4A0-B384156253C2}.Debug|x86.Build.0 = Debug|Win32
		{866A5CA9-AF1F-4D0B-A4A0-B384156253C2}.Release|x64.ActiveCfg = Release|x64
		{866A5CA9-AF1F-4D0B-A4A0-B384156253C2}.Release|x64.Build.0 = Release|x64
		{866A5CA9-AF1F-4D0B-A4A0-B384156253C2}.Release|x86.ActiveCfg = Release|Win32
		{866A5CA9-AF1F-4D0B-A4A0-B384156253C2}.Release|x86.Build.0 = Release|Win32
		{722221A2-67D8-4CA2-A4EF-4942F0EE2465}.Debug|x64.ActiveCfg = Debug|x64
		{722221A2-67D8-4CA2-A4EF-4942F0EE2465}.Debug|x64.Build.0 = Debug|x64
		{722221A2-67D8-4CA2-A4EF-4942F0EE2465}.Debug|x86.ActiveCfg = Debug|Win32
		{722221A2-67D8-4CA2-A4EF-4942F0EE2465}.Debug|x86.Build.0 = Debug|Win32
		{722221A2-67D8-4CA2-A4EF-4942F0EE2465}.Release|x64.ActiveCfg = Release|x64
		{722221A2-67D8-4CA2-A4EF-4942F0EE2465}.Release|x64.Build.0 = Release|x64
		{722221A2-67D8-4CA2-A4EF-4942F0EE2465}.Release|x86.ActiveCfg = Release|Win32
		{722221A2-67D8-4CA2-A4EF-4942F0EE2465}.Release|x86.Build.0 = Release|Win32
		{F7A0113E-C276-4B3D-B8CD-58E22036A7C9}.Debug|x64.ActiveCfg = Debug|x64
		{F7A0113E-C276-4B3D-B8CD-58E22036A7C9}.Debug|x64.Build.0 = Debug|x64
		{F7A0113E-C276-4B3D-B8CD-58E22036A7C9}.Debug|x86.ActiveCfg = Debug|Win32
		{F7A0113E-C276-4B3D-B8CD-58E22036A7C9}.Debug|x86.Build.0 = Debug|Win32
		{F7A0113E-C276-4B3D-B8CD-58E22036A7C9}.Release|x64.ActiveCfg = Release|x64
		{F7A0113E-C276-4B3D-B8CD-58E22036A7C9}.Release|x64.Build.0 = Release|x64
		{F7A0113E-C276-4B3D-B8CD-58E22036A7C9}.Release|x86.ActiveCfg = Release|Win32
		{F7A0113E-C276-4B3D-B8CD-58E22036A7C9}.Release|x86.Build.0 = Release|Win32
		{CA6E54CD-C52C-4381-8790-BB0F700CC6AF}.Debug|x64.ActiveCfg = Debug|x64
		{CA6E54CD-C52C-4381-8790-BB0F700CC6AF}.Debug|x64.Build.0 = Debug|x64
		{CA6E54CD-C52C-4381-8790-BB0F700CC6AF}.Debug|x86.ActiveCfg = Debug|Win32
		{CA6E54CD-C52C-4381-8790-BB0F700CC6AF}.Debug|x86.Build.0 = Debug|Win32
		{CA6E54CD-C52C-4381-8790-BB0F700CC6AF}.Release|x64.ActiveCfg = Release|x64
		{CA6E54CD-C52C-4381-8790-BB0F700CC6AF}.Release|x64.Build.0 = Release|x64
		{CA6E54CD-C52C-4381-8790-BB0F700CC6AF}.Release|x86.ActiveCfg = Release|Win32
		{CA6E54CD-C52C-4381-8790-BB0F700CC6AF}.Release|x86.Build.0 = Release|Win32
		{B1468476-854E-4037-997D-EBA3A10F8503}.Debug|x64.ActiveCfg = Debug|x64
		{B1468476-854E-4037-997D-EBA3A10F8503}.Debug|x64.Build.0 = Debug|x64
		{B1468476-854E-4037-997D-EBA3A10F8503}.Debug|x86.ActiveCfg = Debug|Win32
		{B1468476-854E-4037-997D-EBA3A10F8503}.Debug|x86.Build.0 = Debug|Win32
		{B1468476-854E-4037-997D-EBA3A10F8503}.Release|x64.ActiveCfg = Release|x64
		{B1468476-854E-4037-997D-EBA3A10F8503}.Release|x64.Build.0 = Release|x64
		{B1468476-854E-4037-997D-EBA3A10F8503}.Release|x86.ActiveCfg = Release|Win32
		{B1468476-854E-4037-997D-EBA3A10F8503}.Release|x86.Build.0 = Release|Win32
		{E90FAE3A-C20A-482C-A9E2-6D561E2F97A6}.Debug|x64.ActiveCfg = Debug|x64
		{E90FAE3A-C20A-482C-A9E2-6D561E2F97A6}.Debug|x64.Build.0 = Debug|x64
		{E90FAE3A-C20A-482C-A9E2-6D561E2F97A6}.Debug|x86.ActiveCfg = Debug|Win32
		{E90FAE3A-C20A-482C-A9E2-6D561E2F97A6}.Debug|x86.Build.0 = Debug|Win32
		{E90FAE3A-C20A-482C-A9E2-6D561E2F97A6}.Release|x64.ActiveCfg = Release|x64
		{E90FAE3A-C20A-482C-A9E2-6D561E2F97A6}.Release|x64.Build.0 = Release|x64
		{E90FAE3A-C20A-482C-A9E2-6D561E2F97A6}.Release|x86.ActiveCfg = Release|Win32
		{E90FAE3A-C20A-482C-A9E2-6D561E2F97A6}.Release|x86.Build.0 = Release|Win32
	EndGlobalSection
	GlobalSection(SolutionProperties) = preSolution
		HideSolutionNode = FALSE
	EndGlobalSection
EndGlobal
